
Microsoft Visual Studio Solution File, Format Version 12.00
Project("{FAE04EC0-301F-11D3-BF4B-00C04F79EFBC}") = "CleverenceTestTasks", "CleverenceTestTasks\CleverenceTestTasks.csproj", "{BAF067FE-7C26-47B9-AAC8-1A536011EB7B}"
EndProject
Project("{FAE04EC0-301F-11D3-BF4B-00C04F79EFBC}") = "CompressionDecompressionTask", "CompressionDecompressionTask\CompressionDecompressionTask.csproj", "{448F3E02-F67D-4DE4-BB1F-E47A9BEF5CA3}"
EndProject
Project("{FAE04EC0-301F-11D3-BF4B-00C04F79EFBC}") = "SpiralMatrixTask", "SpiralMatrixTask\SpiralMatrixTask.csproj", "{29D96CD8-D2E2-4FCD-8291-AC76F0E35465}"
EndProject
Project("{FAE04EC0-301F-11D3-BF4B-00C04F79EFBC}") = "ServerCountTask", "ServerCountTask\ServerCountTask.csproj", "{A9C79902-2690-4709-ADF7-CA985212F028}"
EndProject
Global
	GlobalSection(SolutionConfigurationPlatforms) = preSolution
		Debug|Any CPU = Debug|Any CPU
		Release|Any CPU = Release|Any CPU
	EndGlobalSection
	GlobalSection(ProjectConfigurationPlatforms) = postSolution
		{BAF067FE-7C26-47B9-AAC8-1A536011EB7B}.Debug|Any CPU.ActiveCfg = Debug|Any CPU
		{BAF067FE-7C26-47B9-AAC8-1A536011EB7B}.Debug|Any CPU.Build.0 = Debug|Any CPU
		{BAF067FE-7C26-47B9-AAC8-1A536011EB7B}.Release|Any CPU.ActiveCfg = Release|Any CPU
		{BAF067FE-7C26-47B9-AAC8-1A536011EB7B}.Release|Any CPU.Build.0 = Release|Any CPU
		{448F3E02-F67D-4DE4-BB1F-E47A9BEF5CA3}.Debug|Any CPU.ActiveCfg = Debug|Any CPU
		{448F3E02-F67D-4DE4-BB1F-E47A9BEF5CA3}.Debug|Any CPU.Build.0 = Debug|Any CPU
		{448F3E02-F67D-4DE4-BB1F-E47A9BEF5CA3}.Release|Any CPU.ActiveCfg = Release|Any CPU
		{448F3E02-F67D-4DE4-BB1F-E47A9BEF5CA3}.Release|Any CPU.Build.0 = Release|Any CPU
		{29D96CD8-D2E2-4FCD-8291-AC76F0E35465}.Debug|Any CPU.ActiveCfg = Debug|Any CPU
		{29D96CD8-D2E2-4FCD-8291-AC76F0E35465}.Debug|Any CPU.Build.0 = Debug|Any CPU
		{29D96CD8-D2E2-4FCD-8291-AC76F0E35465}.Release|Any CPU.ActiveCfg = Release|Any CPU
		{29D96CD8-D2E2-4FCD-8291-AC76F0E35465}.Release|Any CPU.Build.0 = Release|Any CPU
		{A9C79902-2690-4709-ADF7-CA985212F028}.Debug|Any CPU.ActiveCfg = Debug|Any CPU
		{A9C79902-2690-4709-ADF7-CA985212F028}.Debug|Any CPU.Build.0 = Debug|Any CPU
		{A9C79902-2690-4709-ADF7-CA985212F028}.Release|Any CPU.ActiveCfg = Release|Any CPU
		{A9C79902-2690-4709-ADF7-CA985212F028}.Release|Any CPU.Build.0 = Release|Any CPU
	EndGlobalSection
EndGlobal
